
Microsoft Visual Studio Solution File, Format Version 12.00
# Visual Studio 15
VisualStudioVersion = 15.0.26730.16
MinimumVisualStudioVersion = 10.0.40219.1
Project("{FAE04EC0-301F-11D3-BF4B-00C04F79EFBC}") = "01_AnonymousDownsite", "01_AnonymousDownsite\01_AnonymousDownsite.csproj", "{0C483B9E-C152-4C0F-BC48-BBE0EA1E177E}"
EndProject
Project("{FAE04EC0-301F-11D3-BF4B-00C04F79EFBC}") = "02_HornetWings", "02_HornetWings\02_HornetWings.csproj", "{F3274940-5BBD-49FE-AEA5-33CBCC6CC486}"
EndProject
Project("{FAE04EC0-301F-11D3-BF4B-00C04F79EFBC}") = "03_PokeMon", "03_PokeMon\03_PokeMon.csproj", "{6F10B9D8-A07F-4CD3-9566-76C41A2F6AF2}"
EndProject
Project("{FAE04EC0-301F-11D3-BF4B-00C04F79EFBC}") = "04_Resurrection", "04_Resurrection\04_Resurrection.csproj", "{CA93074A-898E-4424-86CF-0A86D95B6B78}"
EndProject
Project("{FAE04EC0-301F-11D3-BF4B-00C04F79EFBC}") = "05_Wormtest", "05_Wormtest\05_Wormtest.csproj", "{17FC7703-7843-4618-9543-8BD81D934731}"
EndProject
Global
	GlobalSection(SolutionConfigurationPlatforms) = preSolution
		Debug|Any CPU = Debug|Any CPU
		Release|Any CPU = Release|Any CPU
	EndGlobalSection
	GlobalSection(ProjectConfigurationPlatforms) = postSolution
		{0C483B9E-C152-4C0F-BC48-BBE0EA1E177E}.Debug|Any CPU.ActiveCfg = Debug|Any CPU
		{0C483B9E-C152-4C0F-BC48-BBE0EA1E177E}.Debug|Any CPU.Build.0 = Debug|Any CPU
		{0C483B9E-C152-4C0F-BC48-BBE0EA1E177E}.Release|Any CPU.ActiveCfg = Release|Any CPU
		{0C483B9E-C152-4C0F-BC48-BBE0EA1E177E}.Release|Any CPU.Build.0 = Release|Any CPU
		{F3274940-5BBD-49FE-AEA5-33CBCC6CC486}.Debug|Any CPU.ActiveCfg = Debug|Any CPU
		{F3274940-5BBD-49FE-AEA5-33CBCC6CC486}.Debug|Any CPU.Build.0 = Debug|Any CPU
		{F3274940-5BBD-49FE-AEA5-33CBCC6CC486}.Release|Any CPU.ActiveCfg = Release|Any CPU
		{F3274940-5BBD-49FE-AEA5-33CBCC6CC486}.Release|Any CPU.Build.0 = Release|Any CPU
		{6F10B9D8-A07F-4CD3-9566-76C41A2F6AF2}.Debug|Any CPU.ActiveCfg = Debug|Any CPU
		{6F10B9D8-A07F-4CD3-9566-76C41A2F6AF2}.Debug|Any CPU.Build.0 = Debug|Any CPU
		{6F10B9D8-A07F-4CD3-9566-76C41A2F6AF2}.Release|Any CPU.ActiveCfg = Release|Any CPU
		{6F10B9D8-A07F-4CD3-9566-76C41A2F6AF2}.Release|Any CPU.Build.0 = Release|Any CPU
		{CA93074A-898E-4424-86CF-0A86D95B6B78}.Debug|Any CPU.ActiveCfg = Debug|Any CPU
		{CA93074A-898E-4424-86CF-0A86D95B6B78}.Debug|Any CPU.Build.0 = Debug|Any CPU
		{CA93074A-898E-4424-86CF-0A86D95B6B78}.Release|Any CPU.ActiveCfg = Release|Any CPU
		{CA93074A-898E-4424-86CF-0A86D95B6B78}.Release|Any CPU.Build.0 = Release|Any CPU
		{17FC7703-7843-4618-9543-8BD81D934731}.Debug|Any CPU.ActiveCfg = Debug|Any CPU
		{17FC7703-7843-4618-9543-8BD81D934731}.Debug|Any CPU.Build.0 = Debug|Any CPU
		{17FC7703-7843-4618-9543-8BD81D934731}.Release|Any CPU.ActiveCfg = Release|Any CPU
		{17FC7703-7843-4618-9543-8BD81D934731}.Release|Any CPU.Build.0 = Release|Any CPU
	EndGlobalSection
	GlobalSection(SolutionProperties) = preSolution
		HideSolutionNode = FALSE
	EndGlobalSection
	GlobalSection(ExtensibilityGlobals) = postSolution
		SolutionGuid = {B2EDAA86-0C36-481A-BF5F-67CB8FBE7620}
	EndGlobalSection
EndGlobal
