
Microsoft Visual Studio Solution File, Format Version 12.00
# Visual Studio 15
VisualStudioVersion = 15.0.26730.16
MinimumVisualStudioVersion = 10.0.40219.1
Project("{FAE04EC0-301F-11D3-BF4B-00C04F79EFBC}") = "01_Raindrops", "01_Raindrops\01_Raindrops.csproj", "{EF5E9E48-9422-45B1-BB99-668F6FC6BD32}"
EndProject
Project("{FAE04EC0-301F-11D3-BF4B-00C04F79EFBC}") = "02_Rainer", "02_Rainer\02_Rainer.csproj", "{618943FF-B3C3-48CC-ADCF-A9A1FCD7BA57}"
EndProject
Project("{FAE04EC0-301F-11D3-BF4B-00C04F79EFBC}") = "02_Rainer_v2", "02_Rainer_v2.0\02_Rainer_v2.csproj", "{855343D8-250E-4508-BCAC-F79F6FA56AED}"
EndProject
Project("{FAE04EC0-301F-11D3-BF4B-00C04F79EFBC}") = "03_Raincast", "03_Raincast\03_Raincast.csproj", "{594D192C-C45C-408D-B183-48E740F76AD6}"
EndProject
Project("{FAE04EC0-301F-11D3-BF4B-00C04F79EFBC}") = "04_RainAir", "04_RainAir\04_RainAir.csproj", "{EC98B9BC-C94B-4F18-BD7A-925FCD7F6784}"
EndProject
Global
	GlobalSection(SolutionConfigurationPlatforms) = preSolution
		Debug|Any CPU = Debug|Any CPU
		Release|Any CPU = Release|Any CPU
	EndGlobalSection
	GlobalSection(ProjectConfigurationPlatforms) = postSolution
		{EF5E9E48-9422-45B1-BB99-668F6FC6BD32}.Debug|Any CPU.ActiveCfg = Debug|Any CPU
		{EF5E9E48-9422-45B1-BB99-668F6FC6BD32}.Debug|Any CPU.Build.0 = Debug|Any CPU
		{EF5E9E48-9422-45B1-BB99-668F6FC6BD32}.Release|Any CPU.ActiveCfg = Release|Any CPU
		{EF5E9E48-9422-45B1-BB99-668F6FC6BD32}.Release|Any CPU.Build.0 = Release|Any CPU
		{618943FF-B3C3-48CC-ADCF-A9A1FCD7BA57}.Debug|Any CPU.ActiveCfg = Debug|Any CPU
		{618943FF-B3C3-48CC-ADCF-A9A1FCD7BA57}.Debug|Any CPU.Build.0 = Debug|Any CPU
		{618943FF-B3C3-48CC-ADCF-A9A1FCD7BA57}.Release|Any CPU.ActiveCfg = Release|Any CPU
		{618943FF-B3C3-48CC-ADCF-A9A1FCD7BA57}.Release|Any CPU.Build.0 = Release|Any CPU
		{855343D8-250E-4508-BCAC-F79F6FA56AED}.Debug|Any CPU.ActiveCfg = Debug|Any CPU
		{855343D8-250E-4508-BCAC-F79F6FA56AED}.Debug|Any CPU.Build.0 = Debug|Any CPU
		{855343D8-250E-4508-BCAC-F79F6FA56AED}.Release|Any CPU.ActiveCfg = Release|Any CPU
		{855343D8-250E-4508-BCAC-F79F6FA56AED}.Release|Any CPU.Build.0 = Release|Any CPU
		{594D192C-C45C-408D-B183-48E740F76AD6}.Debug|Any CPU.ActiveCfg = Debug|Any CPU
		{594D192C-C45C-408D-B183-48E740F76AD6}.Debug|Any CPU.Build.0 = Debug|Any CPU
		{594D192C-C45C-408D-B183-48E740F76AD6}.Release|Any CPU.ActiveCfg = Release|Any CPU
		{594D192C-C45C-408D-B183-48E740F76AD6}.Release|Any CPU.Build.0 = Release|Any CPU
		{EC98B9BC-C94B-4F18-BD7A-925FCD7F6784}.Debug|Any CPU.ActiveCfg = Debug|Any CPU
		{EC98B9BC-C94B-4F18-BD7A-925FCD7F6784}.Debug|Any CPU.Build.0 = Debug|Any CPU
		{EC98B9BC-C94B-4F18-BD7A-925FCD7F6784}.Release|Any CPU.ActiveCfg = Release|Any CPU
		{EC98B9BC-C94B-4F18-BD7A-925FCD7F6784}.Release|Any CPU.Build.0 = Release|Any CPU
	EndGlobalSection
	GlobalSection(SolutionProperties) = preSolution
		HideSolutionNode = FALSE
	EndGlobalSection
	GlobalSection(ExtensibilityGlobals) = postSolution
		SolutionGuid = {42367AF8-C1A3-4BBA-9798-18E35AAF7471}
	EndGlobalSection
EndGlobal
