
Microsoft Visual Studio Solution File, Format Version 12.00
# Visual Studio 15
VisualStudioVersion = 15.0.26730.16
MinimumVisualStudioVersion = 10.0.40219.1
Project("{FAE04EC0-301F-11D3-BF4B-00C04F79EFBC}") = "01_ReverseString", "01_ReverseString\01_ReverseString.csproj", "{4DB5A4C8-F225-4E95-8C78-8029F7F1B738}"
EndProject
Project("{FAE04EC0-301F-11D3-BF4B-00C04F79EFBC}") = "00_Testing", "00_Testing\00_Testing.csproj", "{A821ECDA-080F-4E35-8C70-B33AEA560D1F}"
EndProject
Global
	GlobalSection(SolutionConfigurationPlatforms) = preSolution
		Debug|Any CPU = Debug|Any CPU
		Release|Any CPU = Release|Any CPU
	EndGlobalSection
	GlobalSection(ProjectConfigurationPlatforms) = postSolution
		{4DB5A4C8-F225-4E95-8C78-8029F7F1B738}.Debug|Any CPU.ActiveCfg = Debug|Any CPU
		{4DB5A4C8-F225-4E95-8C78-8029F7F1B738}.Debug|Any CPU.Build.0 = Debug|Any CPU
		{4DB5A4C8-F225-4E95-8C78-8029F7F1B738}.Release|Any CPU.ActiveCfg = Release|Any CPU
		{4DB5A4C8-F225-4E95-8C78-8029F7F1B738}.Release|Any CPU.Build.0 = Release|Any CPU
		{A821ECDA-080F-4E35-8C70-B33AEA560D1F}.Debug|Any CPU.ActiveCfg = Debug|Any CPU
		{A821ECDA-080F-4E35-8C70-B33AEA560D1F}.Debug|Any CPU.Build.0 = Debug|Any CPU
		{A821ECDA-080F-4E35-8C70-B33AEA560D1F}.Release|Any CPU.ActiveCfg = Release|Any CPU
		{A821ECDA-080F-4E35-8C70-B33AEA560D1F}.Release|Any CPU.Build.0 = Release|Any CPU
	EndGlobalSection
	GlobalSection(SolutionProperties) = preSolution
		HideSolutionNode = FALSE
	EndGlobalSection
	GlobalSection(ExtensibilityGlobals) = postSolution
		SolutionGuid = {1F37C7CD-D291-44D2-B3F3-7AD62D5F2BB9}
	EndGlobalSection
EndGlobal
